
Microsoft Visual Studio Solution File, Format Version 12.00
# Visual Studio 2012
Project("{FAE04EC0-301F-11D3-BF4B-00C04F79EFBC}") = "CodeSample_BindingAppToXLTable", "CodeSample_BindingAppToXLTable\CodeSample_BindingAppToXLTable.csproj", "{8B852A34-2D08-4DD6-975A-ABC1EDF363C8}"
EndProject
Project("{FAE04EC0-301F-11D3-BF4B-00C04F79EFBC}") = "CodeSample_BindingAppToXLTableWeb", "CodeSample_BindingAppToXLTableWeb\CodeSample_BindingAppToXLTableWeb.csproj", "{52E393DA-5F94-42A5-B75E-B5A9C7E380EC}"
EndProject
Global
	GlobalSection(SolutionConfigurationPlatforms) = preSolution
		Debug|Any CPU = Debug|Any CPU
		Release|Any CPU = Release|Any CPU
	EndGlobalSection
	GlobalSection(ProjectConfigurationPlatforms) = postSolution
		{8B852A34-2D08-4DD6-975A-ABC1EDF363C8}.Debug|Any CPU.ActiveCfg = Debug|Any CPU
		{8B852A34-2D08-4DD6-975A-ABC1EDF363C8}.Debug|Any CPU.Build.0 = Debug|Any CPU
		{8B852A34-2D08-4DD6-975A-ABC1EDF363C8}.Debug|Any CPU.Deploy.0 = Debug|Any CPU
		{8B852A34-2D08-4DD6-975A-ABC1EDF363C8}.Release|Any CPU.ActiveCfg = Release|Any CPU
		{8B852A34-2D08-4DD6-975A-ABC1EDF363C8}.Release|Any CPU.Build.0 = Release|Any CPU
		{8B852A34-2D08-4DD6-975A-ABC1EDF363C8}.Release|Any CPU.Deploy.0 = Release|Any CPU
		{52E393DA-5F94-42A5-B75E-B5A9C7E380EC}.Debug|Any CPU.ActiveCfg = Debug|Any CPU
		{52E393DA-5F94-42A5-B75E-B5A9C7E380EC}.Debug|Any CPU.Build.0 = Debug|Any CPU
		{52E393DA-5F94-42A5-B75E-B5A9C7E380EC}.Release|Any CPU.ActiveCfg = Release|Any CPU
		{52E393DA-5F94-42A5-B75E-B5A9C7E380EC}.Release|Any CPU.Build.0 = Release|Any CPU
	EndGlobalSection
	GlobalSection(SolutionProperties) = preSolution
		HideSolutionNode = FALSE
	EndGlobalSection
EndGlobal
